{
  "name": "go-ethereum",
  "version": "1.0.0",
  "lockfileVersion": 1,
  "requires": true,
  "dependencies": {
    "@sentry/browser": {
      "version": "5.12.0",
      "resolved": "https://registry.npmjs.org/@sentry/browser/-/browser-5.12.0.tgz",
      "integrity": "sha512-e8uQML/1Wz2A6610yEvTdICf7L2IH15z6kcjwEqTsaD5uBCmpCiebGZABb45OSe9u8J0xccqi5G7M8lcxj1L7w==",
      "requires": {
        "@sentry/core": "5.12.0",
        "@sentry/types": "5.12.0",
        "@sentry/utils": "5.12.0",
        "tslib": "^1.9.3"
      }
    },
    "@sentry/core": {
      "version": "5.12.0",
      "resolved": "https://registry.npmjs.org/@sentry/core/-/core-5.12.0.tgz",
      "integrity": "sha512-wY4rsoX71QsGpcs9tF+OxKgDPKzIFMRvFiSRcJoPMfhFsTilQ/CBMn/c3bDtWQd9Bnr/ReQIL6NbnIjUsPHA4Q==",
      "requires": {
        "@sentry/hub": "5.12.0",
        "@sentry/minimal": "5.12.0",
        "@sentry/types": "5.12.0",
        "@sentry/utils": "5.12.0",
        "tslib": "^1.9.3"
      }
    },
    "@sentry/hub": {
      "version": "5.12.0",
      "resolved": "https://registry.npmjs.org/@sentry/hub/-/hub-5.12.0.tgz",
      "integrity": "sha512-3k7yE8BEVJsKx8mR4LcI4IN0O8pngmq44OcJ/fRUUBAPqsT38jsJdP2CaWhdlM1jiNUzUDB1ktBv6/lY+VgcoQ==",
      "requires": {
        "@sentry/types": "5.12.0",
        "@sentry/utils": "5.12.0",
        "tslib": "^1.9.3"
      }
    },
    "@sentry/minimal": {
      "version": "5.12.0",
      "resolved": "https://registry.npmjs.org/@sentry/minimal/-/minimal-5.12.0.tgz",
      "integrity": "sha512-fk73meyz4k4jCg9yzbma+WkggsfEIQWI2e2TWfYsRGcrV3RnlSrXyM4D91/A8Bjx10SNezHPUFHjasjlHXOkyA==",
      "requires": {
        "@sentry/hub": "5.12.0",
        "@sentry/types": "5.12.0",
        "tslib": "^1.9.3"
      }
    },
    "@sentry/types": {
      "version": "5.12.0",
      "resolved": "https://registry.npmjs.org/@sentry/types/-/types-5.12.0.tgz",
      "integrity": "sha512-aZbBouBLrKB8wXlztriIagZNmsB+wegk1Jkl6eprqRW/w24Sl/47tiwH8c5S4jYTxdAiJk+SAR10AAuYmIN3zg=="
    },
    "@sentry/utils": {
      "version": "5.12.0",
      "resolved": "https://registry.npmjs.org/@sentry/utils/-/utils-5.12.0.tgz",
      "integrity": "sha512-fYUadGLbfTCbs4OG5hKCOtv2jrNE4/8LHNABy9DwNJ/t5DVtGqWAZBnxsC+FG6a3nVqCpxjFI9AHlYsJ2wsf7Q==",
      "requires": {
        "@sentry/types": "5.12.0",
        "tslib": "^1.9.3"
      }
    },
    "appjs": {
      "version": "0.0.20",
      "resolved": "https://registry.npmjs.org/appjs/-/appjs-0.0.20.tgz",
      "integrity": "sha1-Ms1i1+i02QgXOLoy2fwb184bX1A=",
      "requires": {
        "mime": ">=1.2.5"
      }
    },
    "appjs-linux-x64": {
      "version": "0.0.19",
      "resolved": "https://registry.npmjs.org/appjs-linux-x64/-/appjs-linux-x64-0.0.19.tgz",
      "integrity": "sha1-JObmj5J0U5gOxUOrk3RxyUJHtzs="
    },
    "coffee-script": {
      "version": "1.12.7",
      "resolved": "https://registry.npmjs.org/coffee-script/-/coffee-script-1.12.7.tgz",
      "integrity": "sha512-fLeEhqwymYat/MpTPUjSKHVYYl0ec2mOyALEMLmzr5i1isuG+6jfI2j2d5oBO3VIzgUXgBVIcOT9uH1TFxBckw=="
    },
    "file": {
      "version": "0.2.2",
      "resolved": "https://registry.npmjs.org/file/-/file-0.2.2.tgz",
      "integrity": "sha1-w9/Y+M81Na5FXCtCPC5SY112tNM="
    },
    "js-tokens": {
      "version": "4.0.0",
      "resolved": "https://registry.npmjs.org/js-tokens/-/js-tokens-4.0.0.tgz",
      "integrity": "sha512-RdJUflcE3cUzKiMqQgsCu06FPu9UdIJO0beYbPhHN4k6apgJtifcoCtT9bcxOpYBtpD2kCM6Sbzg4CausW/PKQ=="
    },
    "loose-envify": {
      "version": "1.4.0",
      "resolved": "https://registry.npmjs.org/loose-envify/-/loose-envify-1.4.0.tgz",
      "integrity": "sha512-lyuxPGr/Wfhrlem2CL/UcnUc1zcqKAImBDzukY7Y5F/yQiNdko6+fRLevlw1HgMySw7f611UIY408EtxRSoK3Q==",
      "requires": {
        "js-tokens": "^3.0.0 || ^4.0.0"
      }
    },
    "mime": {
      "version": "2.4.4",
      "resolved": "https://registry.npmjs.org/mime/-/mime-2.4.4.tgz",
      "integrity": "sha512-LRxmNwziLPT828z+4YkNzloCFC2YM4wrB99k+AV5ZbEyfGNWfG8SO1FUXLmLDBSo89NrJZ4DIWeLjy1CHGhMGA=="
    },
    "object-assign": {
      "version": "4.1.1",
      "resolved": "https://registry.npmjs.org/object-assign/-/object-assign-4.1.1.tgz",
      "integrity": "sha1-IQmtx5ZYh8/AXLvUQsrIv7s2CGM="
    },
    "prop-types": {
      "version": "15.7.2",
      "resolved": "https://registry.npmjs.org/prop-types/-/prop-types-15.7.2.tgz",
      "integrity": "sha512-8QQikdH7//R2vurIJSutZ1smHYTcLpRWEOlHnzcWHmBYrOGUysKwSsrC89BCiFj3CbrfJ/nXFdJepOVrY1GCHQ==",
      "requires": {
        "loose-envify": "^1.4.0",
        "object-assign": "^4.1.1",
        "react-is": "^16.8.1"
      }
    },
    "react": {
      "version": "16.12.0",
      "resolved": "https://registry.npmjs.org/react/-/react-16.12.0.tgz",
      "integrity": "sha512-fglqy3k5E+81pA8s+7K0/T3DBCF0ZDOher1elBFzF7O6arXJgzyu/FW+COxFvAWXJoJN9KIZbT2LXlukwphYTA==",
      "requires": {
        "loose-envify": "^1.1.0",
        "object-assign": "^4.1.1",
        "prop-types": "^15.6.2"
      }
    },
    "react-is": {
      "version": "16.12.0",
      "resolved": "https://registry.npmjs.org/react-is/-/react-is-16.12.0.tgz",
      "integrity": "sha512-rPCkf/mWBtKc97aLL9/txD8DZdemK0vkA3JMLShjlJB3Pj3s+lpf1KaBzMfQrAmhMQB0n1cU/SUGgKKBCe837Q=="
    },
    "sentry": {
      "version": "0.1.2",
      "resolved": "https://registry.npmjs.org/sentry/-/sentry-0.1.2.tgz",
      "integrity": "sha1-Z0YZUwJbtkhDP7sdYHp4oYJXBxQ=",
      "requires": {
        "coffee-script": "*",
        "file": "*",
        "underscore": "*"
      }
    },
    "tslib": {
      "version": "1.10.0",
      "resolved": "https://registry.npmjs.org/tslib/-/tslib-1.10.0.tgz",
      "integrity": "sha512-qOebF53frne81cf0S9B41ByenJ3/IuH8yJKngAX35CmiZySA0khhkovshKK+jGCaMnVomla7gVlIcc3EvKPbTQ=="
    },
    "underscore": {
      "version": "1.9.2",
      "resolved": "https://registry.npmjs.org/underscore/-/underscore-1.9.2.tgz",
      "integrity": "sha512-D39qtimx0c1fI3ya1Lnhk3E9nONswSKhnffBI0gME9C99fYOkNi04xs8K6pePLhvl1frbDemkaBQ5ikWllR2HQ=="
    },
    "yarn": {
      "version": "1.21.1",
      "resolved": "https://registry.npmjs.org/yarn/-/yarn-1.21.1.tgz",
      "integrity": "sha512-dQgmJv676X/NQczpbiDtc2hsE/pppGDJAzwlRiADMTvFzYbdxPj2WO4PcNyriSt2c4jsCMpt8UFRKHUozt21GQ=="
    }
  }
}
